
Microsoft Visual Studio Solution File, Format Version 12.00
# Visual Studio Version 17
VisualStudioVersion = 17.3.32825.248
MinimumVisualStudioVersion = 10.0.40219.1
Project("{FAE04EC0-301F-11D3-BF4B-00C04F79EFBC}") = "LEDesigner", "LEDesigner\LEDesigner.csproj", "{951B538C-82CE-4940-87C9-DB1CDB2A6CB9}"
EndProject
Global
	GlobalSection(SolutionConfigurationPlatforms) = preSolution
		Debug|Any CPU = Debug|Any CPU
		Release|Any CPU = Release|Any CPU
	EndGlobalSection
	GlobalSection(ProjectConfigurationPlatforms) = postSolution
		{951B538C-82CE-4940-87C9-DB1CDB2A6CB9}.Debug|Any CPU.ActiveCfg = Debug|Any CPU
		{951B538C-82CE-4940-87C9-DB1CDB2A6CB9}.Debug|Any CPU.Build.0 = Debug|Any CPU
		{951B538C-82CE-4940-87C9-DB1CDB2A6CB9}.Release|Any CPU.ActiveCfg = Release|Any CPU
		{951B538C-82CE-4940-87C9-DB1CDB2A6CB9}.Release|Any CPU.Build.0 = Release|Any CPU
	EndGlobalSection
	GlobalSection(SolutionProperties) = preSolution
		HideSolutionNode = FALSE
	EndGlobalSection
	GlobalSection(ExtensibilityGlobals) = postSolution
		SolutionGuid = {23C18ADB-9239-457A-85B0-8BB244257E82}
	EndGlobalSection
EndGlobal
